
Microsoft Visual Studio Solution File, Format Version 12.00
# Visual Studio Version 16
VisualStudioVersion = 16.0.29409.12
MinimumVisualStudioVersion = 10.0.40219.1
Project("{9A19103F-16F7-4668-BE54-9A1E7A4F7556}") = "ModbusUtility", "ModbusUtility\ModbusUtility.csproj", "{D1C28F97-142E-4A40-8971-C7061C285573}"
EndProject
Project("{9A19103F-16F7-4668-BE54-9A1E7A4F7556}") = "EsnaMonitoring.Services", "EsnaMonitoring.Services\EsnaMonitoring.Services.csproj", "{102067E8-1685-4052-9E67-4027C6A2298C}"
EndProject
Project("{2150E333-8FDC-42A3-9474-1A3956D46DE8}") = "Tests", "Tests", "{B84540FC-35A1-470A-8E18-4EACC2C22022}"
EndProject
Project("{9A19103F-16F7-4668-BE54-9A1E7A4F7556}") = "EsnaMonitor.Services.Test", "EsnaMonitor.Services.Test\EsnaMonitor.Services.Test.csproj", "{DBB89F11-7EA9-4841-BE68-1EA17A1421EB}"
EndProject
Project("{9A19103F-16F7-4668-BE54-9A1E7A4F7556}") = "MacAddressGenerator", "MacAddressGenerator\MacAddressGenerator.csproj", "{E4552025-AA65-46CC-9A8C-4CD2E07C8408}"
EndProject
Project("{9A19103F-16F7-4668-BE54-9A1E7A4F7556}") = "EsnaWeb", "EsnaWeb\EsnaWeb.csproj", "{D5A48ED2-8BC0-485D-815D-51E0F564EFD6}"
EndProject
Project("{9A19103F-16F7-4668-BE54-9A1E7A4F7556}") = "EsnaData", "EsnaData\EsnaData.csproj", "{8DD4606C-064F-42C8-BF3F-3290BB422FCD}"
EndProject
Global
	GlobalSection(SolutionConfigurationPlatforms) = preSolution
		Debug|Any CPU = Debug|Any CPU
		Release|Any CPU = Release|Any CPU
	EndGlobalSection
	GlobalSection(ProjectConfigurationPlatforms) = postSolution
		{D1C28F97-142E-4A40-8971-C7061C285573}.Debug|Any CPU.ActiveCfg = Debug|Any CPU
		{D1C28F97-142E-4A40-8971-C7061C285573}.Debug|Any CPU.Build.0 = Debug|Any CPU
		{D1C28F97-142E-4A40-8971-C7061C285573}.Release|Any CPU.ActiveCfg = Release|Any CPU
		{D1C28F97-142E-4A40-8971-C7061C285573}.Release|Any CPU.Build.0 = Release|Any CPU
		{102067E8-1685-4052-9E67-4027C6A2298C}.Debug|Any CPU.ActiveCfg = Debug|Any CPU
		{102067E8-1685-4052-9E67-4027C6A2298C}.Debug|Any CPU.Build.0 = Debug|Any CPU
		{102067E8-1685-4052-9E67-4027C6A2298C}.Release|Any CPU.ActiveCfg = Release|Any CPU
		{102067E8-1685-4052-9E67-4027C6A2298C}.Release|Any CPU.Build.0 = Release|Any CPU
		{DBB89F11-7EA9-4841-BE68-1EA17A1421EB}.Debug|Any CPU.ActiveCfg = Debug|Any CPU
		{DBB89F11-7EA9-4841-BE68-1EA17A1421EB}.Debug|Any CPU.Build.0 = Debug|Any CPU
		{DBB89F11-7EA9-4841-BE68-1EA17A1421EB}.Release|Any CPU.ActiveCfg = Release|Any CPU
		{DBB89F11-7EA9-4841-BE68-1EA17A1421EB}.Release|Any CPU.Build.0 = Release|Any CPU
		{E4552025-AA65-46CC-9A8C-4CD2E07C8408}.Debug|Any CPU.ActiveCfg = Debug|Any CPU
		{E4552025-AA65-46CC-9A8C-4CD2E07C8408}.Debug|Any CPU.Build.0 = Debug|Any CPU
		{E4552025-AA65-46CC-9A8C-4CD2E07C8408}.Release|Any CPU.ActiveCfg = Release|Any CPU
		{E4552025-AA65-46CC-9A8C-4CD2E07C8408}.Release|Any CPU.Build.0 = Release|Any CPU
		{D5A48ED2-8BC0-485D-815D-51E0F564EFD6}.Debug|Any CPU.ActiveCfg = Debug|Any CPU
		{D5A48ED2-8BC0-485D-815D-51E0F564EFD6}.Debug|Any CPU.Build.0 = Debug|Any CPU
		{D5A48ED2-8BC0-485D-815D-51E0F564EFD6}.Release|Any CPU.ActiveCfg = Release|Any CPU
		{D5A48ED2-8BC0-485D-815D-51E0F564EFD6}.Release|Any CPU.Build.0 = Release|Any CPU
		{8DD4606C-064F-42C8-BF3F-3290BB422FCD}.Debug|Any CPU.ActiveCfg = Debug|Any CPU
		{8DD4606C-064F-42C8-BF3F-3290BB422FCD}.Debug|Any CPU.Build.0 = Debug|Any CPU
		{8DD4606C-064F-42C8-BF3F-3290BB422FCD}.Release|Any CPU.ActiveCfg = Release|Any CPU
		{8DD4606C-064F-42C8-BF3F-3290BB422FCD}.Release|Any CPU.Build.0 = Release|Any CPU
	EndGlobalSection
	GlobalSection(SolutionProperties) = preSolution
		HideSolutionNode = FALSE
	EndGlobalSection
	GlobalSection(NestedProjects) = preSolution
		{DBB89F11-7EA9-4841-BE68-1EA17A1421EB} = {B84540FC-35A1-470A-8E18-4EACC2C22022}
	EndGlobalSection
	GlobalSection(ExtensibilityGlobals) = postSolution
		SolutionGuid = {E00BB041-4633-4C2C-9002-13BA418A8383}
	EndGlobalSection
EndGlobal
